{
  "name": "photointeraction",
  "version": "0.1.0",
  "lockfileVersion": 1,
  "requires": true,
  "dependencies": {
    "axios": {
      "version": "0.21.1",
      "resolved": "https://registry.npmjs.org/axios/-/axios-0.21.1.tgz",
      "integrity": "sha512-dKQiRHxGD9PPRIUNIWvZhPTPpl1rf/OxTYKsqKUDjBwYylTvV7SjSHJb9ratfyzM6wCdLCOYLzs73qpg5c4iGA==",
      "requires": {
        "follow-redirects": "^1.10.0"
      },
      "dependencies": {
        "follow-redirects": {
          "version": "1.13.1",
          "resolved": "https://registry.npmjs.org/follow-redirects/-/follow-redirects-1.13.1.tgz",
          "integrity": "sha512-SSG5xmZh1mkPGyKzjZP8zLjltIfpW32Y5QpdNJyjcfGxK3qo3NDDkZOZSFiGn1A6SclQxY9GzEwAHQ3dmYRWpg=="
        }
      }
    },
    "babel-plugin-transform-decorators": {
      "version": "6.24.1",
      "resolved": "https://registry.npmjs.org/babel-plugin-transform-decorators/-/babel-plugin-transform-decorators-6.24.1.tgz",
      "integrity": "sha1-eIAT2PjGtSIr33s0Q5Df13Vp4k0=",
      "dev": true
    },
    "elemental": {
      "version": "0.6.1",
      "resolved": "https://registry.npmjs.org/elemental/-/elemental-0.6.1.tgz",
      "integrity": "sha1-KRxv5WDDa20ehTj6GdVuyUFRUkc="
    },
    "google-map-react": {
      "version": "0.24.0",
      "resolved": "https://registry.npmjs.org/google-map-react/-/google-map-react-0.24.0.tgz",
      "integrity": "sha1-cnZUbTA8Wug3lj+LwThrdfGqLGA="
    },
    "google-maps-react": {
      "version": "1.0.19",
      "resolved": "https://registry.npmjs.org/google-maps-react/-/google-maps-react-1.0.19.tgz",
      "integrity": "sha1-SsbjN9fiwoI16IkOT6YR+6fQDq8=",
      "dependencies": {
        "history": {
          "version": "3.3.0",
          "resolved": "https://registry.npmjs.org/history/-/history-3.3.0.tgz",
          "integrity": "sha1-/O3M6PEpdTcVRdc1RhAzV5ptrpw="
        }
      }
    },
    "immutable": {
      "version": "3.8.1",
      "resolved": "https://registry.npmjs.org/immutable/-/immutable-3.8.1.tgz",
      "integrity": "sha1-IAgH8Rqw9ycQ6khVQt4IgHX2jNI="
    },
    "react": {
      "version": "15.5.4",
      "resolved": "https://registry.npmjs.org/react/-/react-15.5.4.tgz",
      "integrity": "sha1-+oPrAVBqsjfNwcjDsc6o3gEr8Ec="
    },
    "react-breadcrumbs": {
      "version": "1.6.6",
      "resolved": "https://registry.npmjs.org/react-breadcrumbs/-/react-breadcrumbs-1.6.6.tgz",
      "integrity": "sha1-rkBhekz6Esu3gwGEfGUjTYv6gfA="
    },
    "react-dom": {
      "version": "15.5.4",
      "resolved": "https://registry.npmjs.org/react-dom/-/react-dom-15.5.4.tgz",
      "integrity": "sha1-ugwoeG/VLtfk8hNf4CiNRirvk9o="
    },
    "react-google-login": {
      "version": "2.9.2",
      "resolved": "https://registry.npmjs.org/react-google-login/-/react-google-login-2.9.2.tgz",
      "integrity": "sha1-THcm8KpIi/TRtyhWejfz5gCBDsQ="
    },
    "react-google-map": {
      "version": "3.0.1",
      "resolved": "https://registry.npmjs.org/react-google-map/-/react-google-map-3.0.1.tgz",
      "integrity": "sha1-MinDXl2T/TXSSQqt3jNgb/bJR3E="
    },
    "react-modal": {
      "version": "1.7.7",
      "resolved": "https://registry.npmjs.org/react-modal/-/react-modal-1.7.7.tgz",
      "integrity": "sha1-cCBfUcWHCMSHr/aBuj/teUbjkdk=",
      "dependencies": {
        "exenv": {
          "version": "1.2.0",
          "resolved": "https://registry.npmjs.org/exenv/-/exenv-1.2.0.tgz",
          "integrity": "sha1-ODXxJ6vwdb/ggtCu1EhAV8eOPIk="
        }
      }
    },
    "react-modal-dialog": {
      "version": "4.0.7",
      "resolved": "https://registry.npmjs.org/react-modal-dialog/-/react-modal-dialog-4.0.7.tgz",
      "integrity": "sha1-OSbaLfqR/wny0xSVSejW7ly62bU=",
      "dependencies": {
        "lodash": {
          "version": "3.10.1",
          "resolved": "https://registry.npmjs.org/lodash/-/lodash-3.10.1.tgz",
          "integrity": "sha1-W/Rejkm6QYnhfUgnid/RW9FAt7Y="
        }
      }
    },
    "react-places-autocomplete": {
      "version": "5.3.0",
      "resolved": "https://registry.npmjs.org/react-places-autocomplete/-/react-places-autocomplete-5.3.0.tgz",
      "integrity": "sha1-uyjkd12iBz21VeNdASpYCYhh11A="
    },
    "react-redux": {
      "version": "5.0.5",
      "resolved": "https://registry.npmjs.org/react-redux/-/react-redux-5.0.5.tgz",
      "integrity": "sha1-+OjHsjlCJXblLWt9sGQ5RpvphGo="
    },
    "react-redux-form": {
      "version": "1.11.2",
      "resolved": "https://registry.npmjs.org/react-redux-form/-/react-redux-form-1.11.2.tgz",
      "integrity": "sha1-gu8rUQX9LhUZQd01broHQ6oxtcc="
    },
    "react-router": {
      "version": "4.1.1",
      "resolved": "https://registry.npmjs.org/react-router/-/react-router-4.1.1.tgz",
      "integrity": "sha1-1Ejzt8G0Kab7sDOVCZlJxgax/pU="
    },
    "react-router-dom": {
      "version": "4.1.1",
      "resolved": "https://registry.npmjs.org/react-router-dom/-/react-router-dom-4.1.1.tgz",
      "integrity": "sha1-MCGt4fLBYK+Xz5TiVZTF8pRYMCU="
    },
    "react-scripts": {
      "version": "1.0.7",
      "resolved": "https://registry.npmjs.org/react-scripts/-/react-scripts-1.0.7.tgz",
      "integrity": "sha1-/hQ23aA7tFRlx20JfP6k8y63y7s=",
      "dev": true
    },
    "redux": {
      "version": "3.6.0",
      "resolved": "https://registry.npmjs.org/redux/-/redux-3.6.0.tgz",
      "integrity": "sha1-iHwrPQub2G7KK+cFccJ2VMGeGI0="
    },
    "redux-logger": {
      "version": "3.0.6",
      "resolved": "https://registry.npmjs.org/redux-logger/-/redux-logger-3.0.6.tgz",
      "integrity": "sha1-91VZZvMJjzyIYExEnPC69XeCdL8="
    },
    "redux-promise-middleware": {
      "version": "4.3.0",
      "resolved": "https://registry.npmjs.org/redux-promise-middleware/-/redux-promise-middleware-4.3.0.tgz",
      "integrity": "sha1-OJl1dLbxUKuP8apyylVj+8gsfO8="
    },
    "redux-thunk": {
      "version": "2.2.0",
      "resolved": "https://registry.npmjs.org/redux-thunk/-/redux-thunk-2.2.0.tgz",
      "integrity": "sha1-5hWhbha0ehmlFXZhM9Hj6Zt4UuU="
    }
  }
}
